
Microsoft Visual Studio Solution File, Format Version 12.00
# Visual Studio Version 17
VisualStudioVersion = 17.3.32929.385
MinimumVisualStudioVersion = 10.0.40219.1
Project("{FAE04EC0-301F-11D3-BF4B-00C04F79EFBC}") = "Encrypto", "Encrypto.csproj", "{5FE5A608-5066-4C28-8247-18389A16C0DC}"
EndProject
Global
	GlobalSection(SolutionConfigurationPlatforms) = preSolution
		Debug|Any CPU = Debug|Any CPU
		Release|Any CPU = Release|Any CPU
	EndGlobalSection
	GlobalSection(ProjectConfigurationPlatforms) = postSolution
		{5FE5A608-5066-4C28-8247-18389A16C0DC}.Debug|Any CPU.ActiveCfg = Debug|Any CPU
		{5FE5A608-5066-4C28-8247-18389A16C0DC}.Debug|Any CPU.Build.0 = Debug|Any CPU
		{5FE5A608-5066-4C28-8247-18389A16C0DC}.Release|Any CPU.ActiveCfg = Release|Any CPU
		{5FE5A608-5066-4C28-8247-18389A16C0DC}.Release|Any CPU.Build.0 = Release|Any CPU
	EndGlobalSection
	GlobalSection(SolutionProperties) = preSolution
		HideSolutionNode = FALSE
	EndGlobalSection
	GlobalSection(ExtensibilityGlobals) = postSolution
		SolutionGuid = {9A1DC575-FD74-4477-A9B5-89B7D6A5BA36}
	EndGlobalSection
EndGlobal
